// !$*UTF8*$!
{
	archiveVersion = 1;
	classes = {
	};
	objectVersion = 46;
	objects = {

/* Begin PBXBuildFile section */
		24085B82202D1FE8000B4066 /* CalendarListReactor.swift in Sources */ = {isa = PBXBuildFile; fileRef = 24085B81202D1FE8000B4066 /* CalendarListReactor.swift */; };
		24085B86202D39B3000B4066 /* CalendarCellReactor.swift in Sources */ = {isa = PBXBuildFile; fileRef = 24085B85202D39B3000B4066 /* CalendarCellReactor.swift */; };
		24085B8A202D3BBD000B4066 /* ServiceProvider.swift in Sources */ = {isa = PBXBuildFile; fileRef = 24085B89202D3BBD000B4066 /* ServiceProvider.swift */; };
		24085B8C202D3BE1000B4066 /* CalendarService.swift in Sources */ = {isa = PBXBuildFile; fileRef = 24085B8B202D3BE1000B4066 /* CalendarService.swift */; };
		24085B91202D4CE8000B4066 /* CalendarService.swift in Sources */ = {isa = PBXBuildFile; fileRef = 24085B8B202D3BE1000B4066 /* CalendarService.swift */; };
		24085B92202D4D14000B4066 /* CalendarCellReactor.swift in Sources */ = {isa = PBXBuildFile; fileRef = 24085B85202D39B3000B4066 /* CalendarCellReactor.swift */; };
		24085B96202D861B000B4066 /* CalendarListCell.swift in Sources */ = {isa = PBXBuildFile; fileRef = 24085B95202D861B000B4066 /* CalendarListCell.swift */; };
		24085B97202D8720000B4066 /* CalendarListCell.swift in Sources */ = {isa = PBXBuildFile; fileRef = 24085B95202D861B000B4066 /* CalendarListCell.swift */; };
		24085B9A202D8C15000B4066 /* CalendarEntity.swift in Sources */ = {isa = PBXBuildFile; fileRef = 24085B99202D8C15000B4066 /* CalendarEntity.swift */; };
		24085B9B202D8C70000B4066 /* CalendarEntity.swift in Sources */ = {isa = PBXBuildFile; fileRef = 24085B99202D8C15000B4066 /* CalendarEntity.swift */; };
		24085B9D202D93EB000B4066 /* CalendarRepository.swift in Sources */ = {isa = PBXBuildFile; fileRef = 24085B9C202D93EB000B4066 /* CalendarRepository.swift */; };
		24085B9E202D9470000B4066 /* CalendarRepository.swift in Sources */ = {isa = PBXBuildFile; fileRef = 24085B9C202D93EB000B4066 /* CalendarRepository.swift */; };
		24085BA1202DD946000B4066 /* UIColor+Image.swift in Sources */ = {isa = PBXBuildFile; fileRef = 24085BA0202DD946000B4066 /* UIColor+Image.swift */; };
		24085BA2202DD946000B4066 /* UIColor+Image.swift in Sources */ = {isa = PBXBuildFile; fileRef = 24085BA0202DD946000B4066 /* UIColor+Image.swift */; };
		24085BA3202DDA61000B4066 /* RxBlocking.framework in Frameworks */ = {isa = PBXBuildFile; fileRef = 24F578DE202D17AA00ED7E5D /* RxBlocking.framework */; };
		24085BA4202DDA61000B4066 /* RxCocoa.framework in Frameworks */ = {isa = PBXBuildFile; fileRef = 24F578DD202D17AA00ED7E5D /* RxCocoa.framework */; };
		24085BA5202DDA61000B4066 /* RxSwift.framework in Frameworks */ = {isa = PBXBuildFile; fileRef = 24F578DB202D17AA00ED7E5D /* RxSwift.framework */; };
		24085BA9202DDD4E000B4066 /* RxDataSources.framework in Frameworks */ = {isa = PBXBuildFile; fileRef = 24085BA7202DDD4D000B4066 /* RxDataSources.framework */; };
		24085BAA202DDD4E000B4066 /* Differentiator.framework in Frameworks */ = {isa = PBXBuildFile; fileRef = 24085BA8202DDD4D000B4066 /* Differentiator.framework */; };
		24085BAC202DE09D000B4066 /* Eureka.framework in Frameworks */ = {isa = PBXBuildFile; fileRef = 24085BAB202DE09D000B4066 /* Eureka.framework */; };
		24085BAD202DE170000B4066 /* ReactorKitRuntime.framework in Frameworks */ = {isa = PBXBuildFile; fileRef = 24F578DA202D17AA00ED7E5D /* ReactorKitRuntime.framework */; };
		24085BAF202DE170000B4066 /* ReactorKit.framework in Frameworks */ = {isa = PBXBuildFile; fileRef = 24085BAE202DE170000B4066 /* ReactorKit.framework */; };
		24085BBB202E797C000B4066 /* CalendarProviderEntity.swift in Sources */ = {isa = PBXBuildFile; fileRef = 24085BBA202E797C000B4066 /* CalendarProviderEntity.swift */; };
		24085BBC202E797C000B4066 /* CalendarProviderEntity.swift in Sources */ = {isa = PBXBuildFile; fileRef = 24085BBA202E797C000B4066 /* CalendarProviderEntity.swift */; };
		24085BBE202E7C14000B4066 /* CalendarCellModel.swift in Sources */ = {isa = PBXBuildFile; fileRef = 24085BBD202E7C14000B4066 /* CalendarCellModel.swift */; };
		24085BBF202E7C14000B4066 /* CalendarCellModel.swift in Sources */ = {isa = PBXBuildFile; fileRef = 24085BBD202E7C14000B4066 /* CalendarCellModel.swift */; };
		24085BC1202E7C30000B4066 /* CalendarProviderSectionModel.swift in Sources */ = {isa = PBXBuildFile; fileRef = 24085BC0202E7C30000B4066 /* CalendarProviderSectionModel.swift */; };
		24085BC2202E7C30000B4066 /* CalendarProviderSectionModel.swift in Sources */ = {isa = PBXBuildFile; fileRef = 24085BC0202E7C30000B4066 /* CalendarProviderSectionModel.swift */; };
		24085BC4202EBBA8000B4066 /* ProviderRepository.swift in Sources */ = {isa = PBXBuildFile; fileRef = 24085BC3202EBBA8000B4066 /* ProviderRepository.swift */; };
		24085BC5202EBBA8000B4066 /* ProviderRepository.swift in Sources */ = {isa = PBXBuildFile; fileRef = 24085BC3202EBBA8000B4066 /* ProviderRepository.swift */; };
		24085BC7202EBFD2000B4066 /* GoogleCalendarProviderRepository.swift in Sources */ = {isa = PBXBuildFile; fileRef = 24085BC6202EBFD2000B4066 /* GoogleCalendarProviderRepository.swift */; };
		24085BCA202EC87C000B4066 /* LoginViewController.swift in Sources */ = {isa = PBXBuildFile; fileRef = 24085BC9202EC87C000B4066 /* LoginViewController.swift */; };
		24085BCD202EC8C0000B4066 /* LoginReactor.swift in Sources */ = {isa = PBXBuildFile; fileRef = 24085BCC202EC8C0000B4066 /* LoginReactor.swift */; };
		24085BCF202ECD66000B4066 /* CalendarProviderService.swift in Sources */ = {isa = PBXBuildFile; fileRef = 24085BCE202ECD66000B4066 /* CalendarProviderService.swift */; };
		243F1AC2202EE22E0030EFE2 /* ToastSwiftFramework.framework in Frameworks */ = {isa = PBXBuildFile; fileRef = 243F1AC1202EE22E0030EFE2 /* ToastSwiftFramework.framework */; };
		243F1AC3202EE3020030EFE2 /* Toast.framework in Frameworks */ = {isa = PBXBuildFile; fileRef = 243F1ABF202EE0A70030EFE2 /* Toast.framework */; };
		243F1AC6202EEAE50030EFE2 /* LoginViewController+EventKit.swift in Sources */ = {isa = PBXBuildFile; fileRef = 243F1AC5202EEAE50030EFE2 /* LoginViewController+EventKit.swift */; };
		243F1AC8202EEB050030EFE2 /* LoginViewController+GoogleCalendar.swift in Sources */ = {isa = PBXBuildFile; fileRef = 243F1AC7202EEB050030EFE2 /* LoginViewController+GoogleCalendar.swift */; };
		243F1ACA202F05E40030EFE2 /* GoogleAccountStoreService.swift in Sources */ = {isa = PBXBuildFile; fileRef = 243F1AC9202F05E40030EFE2 /* GoogleAccountStoreService.swift */; };
		243F1ACB202F05E90030EFE2 /* GoogleAccountStoreService.swift in Sources */ = {isa = PBXBuildFile; fileRef = 243F1AC9202F05E40030EFE2 /* GoogleAccountStoreService.swift */; };
		243F1ACD202F064C0030EFE2 /* GoogleAccountStorage.swift in Sources */ = {isa = PBXBuildFile; fileRef = 243F1ACC202F064C0030EFE2 /* GoogleAccountStorage.swift */; };
		249104B62001F6B900106193 /* UserDefaults+AppGroup.swift in Sources */ = {isa = PBXBuildFile; fileRef = 249104B52001F6B900106193 /* UserDefaults+AppGroup.swift */; };
		249104B72001F6C100106193 /* UserDefaults+AppGroup.swift in Sources */ = {isa = PBXBuildFile; fileRef = 249104B52001F6B900106193 /* UserDefaults+AppGroup.swift */; };
		249104C52001F78500106193 /* SupportedProvider.swift in Sources */ = {isa = PBXBuildFile; fileRef = FR_553055846822 /* SupportedProvider.swift */; };
		249B8FBA1FFF730F00C3535E /* AddCalendarActionViewController.swift in Sources */ = {isa = PBXBuildFile; fileRef = 249B8FB91FFF730F00C3535E /* AddCalendarActionViewController.swift */; };
		249B8FBD1FFF730F00C3535E /* MainInterface.storyboard in Resources */ = {isa = PBXBuildFile; fileRef = 249B8FBB1FFF730F00C3535E /* MainInterface.storyboard */; };
		249B8FC11FFF730F00C3535E /* AddCalendarAction.appex in Embed App Extensions */ = {isa = PBXBuildFile; fileRef = 249B8FB71FFF730F00C3535E /* AddCalendarAction.appex */; settings = {ATTRIBUTES = (RemoveHeadersOnCopy, ); }; };
		45D4A72F4A3AD6047FB6A223 /* Pods_PigeonTests.framework in Frameworks */ = {isa = PBXBuildFile; fileRef = 94730AC96D91DDCB7DF660C7 /* Pods_PigeonTests.framework */; };
		6227C246712F32810EEA2AA8 /* Pods_Pigeon.framework in Frameworks */ = {isa = PBXBuildFile; fileRef = 9118A7D273452A756D713F8D /* Pods_Pigeon.framework */; };
		BF_165923807992 /* SupportedProvider.swift in Sources */ = {isa = PBXBuildFile; fileRef = FR_553055846822 /* SupportedProvider.swift */; };
		BF_215061820840 /* LaunchScreen.storyboard in Resources */ = {isa = PBXBuildFile; fileRef = VG_774826763097 /* LaunchScreen.storyboard */; };
		BF_226169127571 /* GoogleService-Info.plist in Resources */ = {isa = PBXBuildFile; fileRef = FR_314644839885 /* GoogleService-Info.plist */; };
		BF_629410552227 /* AppDelegate.swift in Sources */ = {isa = PBXBuildFile; fileRef = FR_500918527952 /* AppDelegate.swift */; };
		BF_670056304807 /* CalendarListViewController.swift in Sources */ = {isa = PBXBuildFile; fileRef = FR_385422901303 /* CalendarListViewController.swift */; };
		BF_794404818034 /* PigeonTests.swift in Sources */ = {isa = PBXBuildFile; fileRef = FR_243283262423 /* PigeonTests.swift */; };
		BF_891482553594 /* Assets.xcassets in Resources */ = {isa = PBXBuildFile; fileRef = FR_690328767421 /* Assets.xcassets */; };
		E88D7FA1C2259BA8C0776C35 /* Pods_Pigeon_AddCalendarAction.framework in Frameworks */ = {isa = PBXBuildFile; fileRef = 63B38B1DD03A8C37B9F98B44 /* Pods_Pigeon_AddCalendarAction.framework */; };
/* End PBXBuildFile section */

/* Begin PBXContainerItemProxy section */
		249B8FBF1FFF730F00C3535E /* PBXContainerItemProxy */ = {
			isa = PBXContainerItemProxy;
			containerPortal = P_4792371632290 /* Project object */;
			proxyType = 1;
			remoteGlobalIDString = 249B8FB61FFF730F00C3535E;
			remoteInfo = AddCalendarAction;
		};
		CIP_98070802065 /* PBXContainerItemProxy */ = {
			isa = PBXContainerItemProxy;
			containerPortal = P_4792371632290 /* Project object */;
			proxyType = 1;
			remoteGlobalIDString = NT_479237163229;
			remoteInfo = Pigeon;
		};
/* End PBXContainerItemProxy section */

/* Begin PBXCopyFilesBuildPhase section */
		249B8FC51FFF730F00C3535E /* Embed App Extensions */ = {
			isa = PBXCopyFilesBuildPhase;
			buildActionMask = 2147483647;
			dstPath = "";
			dstSubfolderSpec = 13;
			files = (
				249B8FC11FFF730F00C3535E /* AddCalendarAction.appex in Embed App Extensions */,
			);
			name = "Embed App Extensions";
			runOnlyForDeploymentPostprocessing = 0;
		};
/* End PBXCopyFilesBuildPhase section */

/* Begin PBXFileReference section */
		19BCA5B0B87A07A28D61990F /* Pods-Pigeon-AddCalendarAction.debug.xcconfig */ = {isa = PBXFileReference; includeInIndex = 1; lastKnownFileType = text.xcconfig; name = "Pods-Pigeon-AddCalendarAction.debug.xcconfig"; path = "Pods/Target Support Files/Pods-Pigeon-AddCalendarAction/Pods-Pigeon-AddCalendarAction.debug.xcconfig"; sourceTree = "<group>"; };
		24085B81202D1FE8000B4066 /* CalendarListReactor.swift */ = {isa = PBXFileReference; lastKnownFileType = sourcecode.swift; path = CalendarListReactor.swift; sourceTree = "<group>"; };
		24085B85202D39B3000B4066 /* CalendarCellReactor.swift */ = {isa = PBXFileReference; lastKnownFileType = sourcecode.swift; path = CalendarCellReactor.swift; sourceTree = "<group>"; };
		24085B89202D3BBD000B4066 /* ServiceProvider.swift */ = {isa = PBXFileReference; lastKnownFileType = sourcecode.swift; path = ServiceProvider.swift; sourceTree = "<group>"; };
		24085B8B202D3BE1000B4066 /* CalendarService.swift */ = {isa = PBXFileReference; lastKnownFileType = sourcecode.swift; path = CalendarService.swift; sourceTree = "<group>"; };
		24085B95202D861B000B4066 /* CalendarListCell.swift */ = {isa = PBXFileReference; lastKnownFileType = sourcecode.swift; path = CalendarListCell.swift; sourceTree = "<group>"; };
		24085B99202D8C15000B4066 /* CalendarEntity.swift */ = {isa = PBXFileReference; lastKnownFileType = sourcecode.swift; path = CalendarEntity.swift; sourceTree = "<group>"; };
		24085B9C202D93EB000B4066 /* CalendarRepository.swift */ = {isa = PBXFileReference; lastKnownFileType = sourcecode.swift; path = CalendarRepository.swift; sourceTree = "<group>"; };
		24085BA0202DD946000B4066 /* UIColor+Image.swift */ = {isa = PBXFileReference; lastKnownFileType = sourcecode.swift; path = "UIColor+Image.swift"; sourceTree = "<group>"; };
		24085BA7202DDD4D000B4066 /* RxDataSources.framework */ = {isa = PBXFileReference; lastKnownFileType = wrapper.framework; name = RxDataSources.framework; path = Carthage/Build/iOS/RxDataSources.framework; sourceTree = "<group>"; };
		24085BA8202DDD4D000B4066 /* Differentiator.framework */ = {isa = PBXFileReference; lastKnownFileType = wrapper.framework; name = Differentiator.framework; path = Carthage/Build/iOS/Differentiator.framework; sourceTree = "<group>"; };
		24085BAB202DE09D000B4066 /* Eureka.framework */ = {isa = PBXFileReference; lastKnownFileType = wrapper.framework; name = Eureka.framework; path = Carthage/Build/iOS/Eureka.framework; sourceTree = "<group>"; };
		24085BAE202DE170000B4066 /* ReactorKit.framework */ = {isa = PBXFileReference; lastKnownFileType = wrapper.framework; name = ReactorKit.framework; path = Carthage/Build/iOS/ReactorKit.framework; sourceTree = "<group>"; };
		24085BBA202E797C000B4066 /* CalendarProviderEntity.swift */ = {isa = PBXFileReference; lastKnownFileType = sourcecode.swift; path = CalendarProviderEntity.swift; sourceTree = "<group>"; };
		24085BBD202E7C14000B4066 /* CalendarCellModel.swift */ = {isa = PBXFileReference; lastKnownFileType = sourcecode.swift; path = CalendarCellModel.swift; sourceTree = "<group>"; };
		24085BC0202E7C30000B4066 /* CalendarProviderSectionModel.swift */ = {isa = PBXFileReference; lastKnownFileType = sourcecode.swift; path = CalendarProviderSectionModel.swift; sourceTree = "<group>"; };
		24085BC3202EBBA8000B4066 /* ProviderRepository.swift */ = {isa = PBXFileReference; lastKnownFileType = sourcecode.swift; path = ProviderRepository.swift; sourceTree = "<group>"; };
		24085BC6202EBFD2000B4066 /* GoogleCalendarProviderRepository.swift */ = {isa = PBXFileReference; lastKnownFileType = sourcecode.swift; path = GoogleCalendarProviderRepository.swift; sourceTree = "<group>"; };
		24085BC9202EC87C000B4066 /* LoginViewController.swift */ = {isa = PBXFileReference; lastKnownFileType = sourcecode.swift; path = LoginViewController.swift; sourceTree = "<group>"; };
		24085BCC202EC8C0000B4066 /* LoginReactor.swift */ = {isa = PBXFileReference; lastKnownFileType = sourcecode.swift; path = LoginReactor.swift; sourceTree = "<group>"; };
		24085BCE202ECD66000B4066 /* CalendarProviderService.swift */ = {isa = PBXFileReference; lastKnownFileType = sourcecode.swift; path = CalendarProviderService.swift; sourceTree = "<group>"; };
		243F1ABF202EE0A70030EFE2 /* Toast.framework */ = {isa = PBXFileReference; lastKnownFileType = wrapper.framework; name = Toast.framework; path = Carthage/Build/iOS/Toast.framework; sourceTree = "<group>"; };
		243F1AC1202EE22E0030EFE2 /* ToastSwiftFramework.framework */ = {isa = PBXFileReference; lastKnownFileType = wrapper.framework; name = ToastSwiftFramework.framework; path = Carthage/Build/iOS/ToastSwiftFramework.framework; sourceTree = "<group>"; };
		243F1AC5202EEAE50030EFE2 /* LoginViewController+EventKit.swift */ = {isa = PBXFileReference; lastKnownFileType = sourcecode.swift; path = "LoginViewController+EventKit.swift"; sourceTree = "<group>"; };
		243F1AC7202EEB050030EFE2 /* LoginViewController+GoogleCalendar.swift */ = {isa = PBXFileReference; lastKnownFileType = sourcecode.swift; path = "LoginViewController+GoogleCalendar.swift"; sourceTree = "<group>"; };
		243F1AC9202F05E40030EFE2 /* GoogleAccountStoreService.swift */ = {isa = PBXFileReference; lastKnownFileType = sourcecode.swift; path = GoogleAccountStoreService.swift; sourceTree = "<group>"; };
		243F1ACC202F064C0030EFE2 /* GoogleAccountStorage.swift */ = {isa = PBXFileReference; lastKnownFileType = sourcecode.swift; path = GoogleAccountStorage.swift; sourceTree = "<group>"; };
		249104B32001F33400106193 /* Pigeon.entitlements */ = {isa = PBXFileReference; lastKnownFileType = text.plist.entitlements; path = Pigeon.entitlements; sourceTree = "<group>"; };
		249104B42001F37800106193 /* AddCalendarAction.entitlements */ = {isa = PBXFileReference; lastKnownFileType = text.plist.entitlements; path = AddCalendarAction.entitlements; sourceTree = "<group>"; };
		249104B52001F6B900106193 /* UserDefaults+AppGroup.swift */ = {isa = PBXFileReference; lastKnownFileType = sourcecode.swift; path = "UserDefaults+AppGroup.swift"; sourceTree = "<group>"; };
		249B8FB71FFF730F00C3535E /* AddCalendarAction.appex */ = {isa = PBXFileReference; explicitFileType = "wrapper.app-extension"; includeInIndex = 0; path = AddCalendarAction.appex; sourceTree = BUILT_PRODUCTS_DIR; };
		249B8FB91FFF730F00C3535E /* AddCalendarActionViewController.swift */ = {isa = PBXFileReference; lastKnownFileType = sourcecode.swift; path = AddCalendarActionViewController.swift; sourceTree = "<group>"; };
		249B8FBC1FFF730F00C3535E /* Base */ = {isa = PBXFileReference; lastKnownFileType = file.storyboard; name = Base; path = Base.lproj/MainInterface.storyboard; sourceTree = "<group>"; };
		249B8FBE1FFF730F00C3535E /* Info.plist */ = {isa = PBXFileReference; lastKnownFileType = text.plist.xml; path = Info.plist; sourceTree = "<group>"; };
		24F578DA202D17AA00ED7E5D /* ReactorKitRuntime.framework */ = {isa = PBXFileReference; lastKnownFileType = wrapper.framework; name = ReactorKitRuntime.framework; path = Carthage/Build/iOS/ReactorKitRuntime.framework; sourceTree = "<group>"; };
		24F578DB202D17AA00ED7E5D /* RxSwift.framework */ = {isa = PBXFileReference; lastKnownFileType = wrapper.framework; name = RxSwift.framework; path = Carthage/Build/iOS/RxSwift.framework; sourceTree = "<group>"; };
		24F578DC202D17AA00ED7E5D /* RxTest.framework */ = {isa = PBXFileReference; lastKnownFileType = wrapper.framework; name = RxTest.framework; path = Carthage/Build/iOS/RxTest.framework; sourceTree = "<group>"; };
		24F578DD202D17AA00ED7E5D /* RxCocoa.framework */ = {isa = PBXFileReference; lastKnownFileType = wrapper.framework; name = RxCocoa.framework; path = Carthage/Build/iOS/RxCocoa.framework; sourceTree = "<group>"; };
		24F578DE202D17AA00ED7E5D /* RxBlocking.framework */ = {isa = PBXFileReference; lastKnownFileType = wrapper.framework; name = RxBlocking.framework; path = Carthage/Build/iOS/RxBlocking.framework; sourceTree = "<group>"; };
		454576ECE087B5988BFF5820 /* Pods-Pigeon-AddCalendarAction.release.xcconfig */ = {isa = PBXFileReference; includeInIndex = 1; lastKnownFileType = text.xcconfig; name = "Pods-Pigeon-AddCalendarAction.release.xcconfig"; path = "Pods/Target Support Files/Pods-Pigeon-AddCalendarAction/Pods-Pigeon-AddCalendarAction.release.xcconfig"; sourceTree = "<group>"; };
		63B38B1DD03A8C37B9F98B44 /* Pods_Pigeon_AddCalendarAction.framework */ = {isa = PBXFileReference; explicitFileType = wrapper.framework; includeInIndex = 0; path = Pods_Pigeon_AddCalendarAction.framework; sourceTree = BUILT_PRODUCTS_DIR; };
		9118A7D273452A756D713F8D /* Pods_Pigeon.framework */ = {isa = PBXFileReference; explicitFileType = wrapper.framework; includeInIndex = 0; path = Pods_Pigeon.framework; sourceTree = BUILT_PRODUCTS_DIR; };
		94730AC96D91DDCB7DF660C7 /* Pods_PigeonTests.framework */ = {isa = PBXFileReference; explicitFileType = wrapper.framework; includeInIndex = 0; path = Pods_PigeonTests.framework; sourceTree = BUILT_PRODUCTS_DIR; };
		98BA5EEEF8723F4EF3920EE2 /* Pods-PigeonTests.release.xcconfig */ = {isa = PBXFileReference; includeInIndex = 1; lastKnownFileType = text.xcconfig; name = "Pods-PigeonTests.release.xcconfig"; path = "Pods/Target Support Files/Pods-PigeonTests/Pods-PigeonTests.release.xcconfig"; sourceTree = "<group>"; };
		ADD249AFBA3A3939F4799921 /* Pods-Pigeon.debug.xcconfig */ = {isa = PBXFileReference; includeInIndex = 1; lastKnownFileType = text.xcconfig; name = "Pods-Pigeon.debug.xcconfig"; path = "Pods/Target Support Files/Pods-Pigeon/Pods-Pigeon.debug.xcconfig"; sourceTree = "<group>"; };
		B887CBDB3A52D24FB1486055 /* Pods-Pigeon.release.xcconfig */ = {isa = PBXFileReference; includeInIndex = 1; lastKnownFileType = text.xcconfig; name = "Pods-Pigeon.release.xcconfig"; path = "Pods/Target Support Files/Pods-Pigeon/Pods-Pigeon.release.xcconfig"; sourceTree = "<group>"; };
		D889F987E544AA34EEB191DC /* Pods-PigeonTests.debug.xcconfig */ = {isa = PBXFileReference; includeInIndex = 1; lastKnownFileType = text.xcconfig; name = "Pods-PigeonTests.debug.xcconfig"; path = "Pods/Target Support Files/Pods-PigeonTests/Pods-PigeonTests.debug.xcconfig"; sourceTree = "<group>"; };
		FR_243283262423 /* PigeonTests.swift */ = {isa = PBXFileReference; lastKnownFileType = sourcecode.swift; path = PigeonTests.swift; sourceTree = "<group>"; };
		FR_314644839885 /* GoogleService-Info.plist */ = {isa = PBXFileReference; lastKnownFileType = text.plist.xml; path = "GoogleService-Info.plist"; sourceTree = "<group>"; };
		FR_366419411241 /* Info.plist */ = {isa = PBXFileReference; lastKnownFileType = text.plist.xml; path = Info.plist; sourceTree = "<group>"; };
		FR_385422901303 /* CalendarListViewController.swift */ = {isa = PBXFileReference; lastKnownFileType = sourcecode.swift; path = CalendarListViewController.swift; sourceTree = "<group>"; };
		FR_479237163229 /* Pigeon.app */ = {isa = PBXFileReference; explicitFileType = wrapper.application; includeInIndex = 0; path = Pigeon.app; sourceTree = BUILT_PRODUCTS_DIR; };
		FR_499683667281 /* Info.plist */ = {isa = PBXFileReference; lastKnownFileType = text.plist.xml; path = Info.plist; sourceTree = "<group>"; };
		FR_500918527952 /* AppDelegate.swift */ = {isa = PBXFileReference; lastKnownFileType = sourcecode.swift; path = AppDelegate.swift; sourceTree = "<group>"; };
		FR_553055846822 /* SupportedProvider.swift */ = {isa = PBXFileReference; lastKnownFileType = sourcecode.swift; path = SupportedProvider.swift; sourceTree = "<group>"; };
		FR_690328767421 /* Assets.xcassets */ = {isa = PBXFileReference; lastKnownFileType = folder.assetcatalog; path = Assets.xcassets; sourceTree = "<group>"; };
		FR_774826763097 /* Base */ = {isa = PBXFileReference; lastKnownFileType = file.storyboard; name = Base; path = Base.lproj/LaunchScreen.storyboard; sourceTree = "<group>"; };
		FR_980708020655 /* PigeonTests.xctest */ = {isa = PBXFileReference; explicitFileType = wrapper.cfbundle; includeInIndex = 0; path = PigeonTests.xctest; sourceTree = BUILT_PRODUCTS_DIR; };
/* End PBXFileReference section */

/* Begin PBXFrameworksBuildPhase section */
		16626550FFB9949AC4B52E26 /* Frameworks */ = {
			isa = PBXFrameworksBuildPhase;
			buildActionMask = 2147483647;
			files = (
				45D4A72F4A3AD6047FB6A223 /* Pods_PigeonTests.framework in Frameworks */,
			);
			runOnlyForDeploymentPostprocessing = 0;
		};
		249B8FB41FFF730F00C3535E /* Frameworks */ = {
			isa = PBXFrameworksBuildPhase;
			buildActionMask = 2147483647;
			files = (
				E88D7FA1C2259BA8C0776C35 /* Pods_Pigeon_AddCalendarAction.framework in Frameworks */,
			);
			runOnlyForDeploymentPostprocessing = 0;
		};
		C32A97E22EEC5C445CBB2592 /* Frameworks */ = {
			isa = PBXFrameworksBuildPhase;
			buildActionMask = 2147483647;
			files = (
				243F1AC3202EE3020030EFE2 /* Toast.framework in Frameworks */,
				243F1AC2202EE22E0030EFE2 /* ToastSwiftFramework.framework in Frameworks */,
				24085BAF202DE170000B4066 /* ReactorKit.framework in Frameworks */,
				24085BAD202DE170000B4066 /* ReactorKitRuntime.framework in Frameworks */,
				24085BAC202DE09D000B4066 /* Eureka.framework in Frameworks */,
				24085BA9202DDD4E000B4066 /* RxDataSources.framework in Frameworks */,
				24085BAA202DDD4E000B4066 /* Differentiator.framework in Frameworks */,
				24085BA3202DDA61000B4066 /* RxBlocking.framework in Frameworks */,
				24085BA4202DDA61000B4066 /* RxCocoa.framework in Frameworks */,
				24085BA5202DDA61000B4066 /* RxSwift.framework in Frameworks */,
				6227C246712F32810EEA2AA8 /* Pods_Pigeon.framework in Frameworks */,
			);
			runOnlyForDeploymentPostprocessing = 0;
		};
/* End PBXFrameworksBuildPhase section */

/* Begin PBXGroup section */
		24085B83202D2F45000B4066 /* UI */ = {
			isa = PBXGroup;
			children = (
				24085B94202D8614000B4066 /* Views */,
				24085B8D202D4ACE000B4066 /* ViewControllers */,
				24085B84202D2F4C000B4066 /* Reactors */,
			);
			path = UI;
			sourceTree = "<group>";
		};
		24085B84202D2F4C000B4066 /* Reactors */ = {
			isa = PBXGroup;
			children = (
				24085B81202D1FE8000B4066 /* CalendarListReactor.swift */,
				24085B85202D39B3000B4066 /* CalendarCellReactor.swift */,
				24085BCC202EC8C0000B4066 /* LoginReactor.swift */,
			);
			path = Reactors;
			sourceTree = "<group>";
		};
		24085B88202D3BB0000B4066 /* Services */ = {
			isa = PBXGroup;
			children = (
				24085B89202D3BBD000B4066 /* ServiceProvider.swift */,
				24085B8B202D3BE1000B4066 /* CalendarService.swift */,
				24085BBD202E7C14000B4066 /* CalendarCellModel.swift */,
				24085BC0202E7C30000B4066 /* CalendarProviderSectionModel.swift */,
				24085BCE202ECD66000B4066 /* CalendarProviderService.swift */,
				243F1AC9202F05E40030EFE2 /* GoogleAccountStoreService.swift */,
			);
			path = Services;
			sourceTree = "<group>";
		};
		24085B8D202D4ACE000B4066 /* ViewControllers */ = {
			isa = PBXGroup;
			children = (
				FR_385422901303 /* CalendarListViewController.swift */,
				24085BC9202EC87C000B4066 /* LoginViewController.swift */,
				243F1AC5202EEAE50030EFE2 /* LoginViewController+EventKit.swift */,
				243F1AC7202EEB050030EFE2 /* LoginViewController+GoogleCalendar.swift */,
			);
			path = ViewControllers;
			sourceTree = "<group>";
		};
		24085B94202D8614000B4066 /* Views */ = {
			isa = PBXGroup;
			children = (
				24085B95202D861B000B4066 /* CalendarListCell.swift */,
			);
			path = Views;
			sourceTree = "<group>";
		};
		24085B98202D8BE2000B4066 /* Domain */ = {
			isa = PBXGroup;
			children = (
				24085BB0202E71D4000B4066 /* Data */,
				24085B99202D8C15000B4066 /* CalendarEntity.swift */,
				24085BBA202E797C000B4066 /* CalendarProviderEntity.swift */,
			);
			path = Domain;
			sourceTree = "<group>";
		};
		24085B9F202DD938000B4066 /* Utils */ = {
			isa = PBXGroup;
			children = (
				24085BA0202DD946000B4066 /* UIColor+Image.swift */,
			);
			path = Utils;
			sourceTree = "<group>";
		};
		24085BB0202E71D4000B4066 /* Data */ = {
			isa = PBXGroup;
			children = (
				24085BB9202E7332000B4066 /* Repositories */,
			);
			path = Data;
			sourceTree = "<group>";
		};
		24085BB9202E7332000B4066 /* Repositories */ = {
			isa = PBXGroup;
			children = (
				24085B9C202D93EB000B4066 /* CalendarRepository.swift */,
				24085BC3202EBBA8000B4066 /* ProviderRepository.swift */,
				24085BC6202EBFD2000B4066 /* GoogleCalendarProviderRepository.swift */,
				243F1ACC202F064C0030EFE2 /* GoogleAccountStorage.swift */,
			);
			path = Repositories;
			sourceTree = "<group>";
		};
		249104AD2001DCE200106193 /* Utils */ = {
			isa = PBXGroup;
			children = (
			);
			path = Utils;
			sourceTree = "<group>";
		};
		249B8FB81FFF730F00C3535E /* AddCalendarAction */ = {
			isa = PBXGroup;
			children = (
				249B8FC72002689400C3535E /* CustomRow */,
				249104B42001F37800106193 /* AddCalendarAction.entitlements */,
				249104AD2001DCE200106193 /* Utils */,
				249B8FC61FFF738300C3535E /* ViewControllers */,
				249B8FBB1FFF730F00C3535E /* MainInterface.storyboard */,
				249B8FBE1FFF730F00C3535E /* Info.plist */,
			);
			path = AddCalendarAction;
			sourceTree = "<group>";
		};
		249B8FC61FFF738300C3535E /* ViewControllers */ = {
			isa = PBXGroup;
			children = (
				249B8FB91FFF730F00C3535E /* AddCalendarActionViewController.swift */,
			);
			path = ViewControllers;
			sourceTree = "<group>";
		};
		249B8FC72002689400C3535E /* CustomRow */ = {
			isa = PBXGroup;
			children = (
			);
			path = CustomRow;
			sourceTree = "<group>";
		};
		AB7FFDB06A520119B26DAA4D /* Pods */ = {
			isa = PBXGroup;
			children = (
				ADD249AFBA3A3939F4799921 /* Pods-Pigeon.debug.xcconfig */,
				B887CBDB3A52D24FB1486055 /* Pods-Pigeon.release.xcconfig */,
				D889F987E544AA34EEB191DC /* Pods-PigeonTests.debug.xcconfig */,
				98BA5EEEF8723F4EF3920EE2 /* Pods-PigeonTests.release.xcconfig */,
				19BCA5B0B87A07A28D61990F /* Pods-Pigeon-AddCalendarAction.debug.xcconfig */,
				454576ECE087B5988BFF5820 /* Pods-Pigeon-AddCalendarAction.release.xcconfig */,
			);
			name = Pods;
			sourceTree = "<group>";
		};
		C95293F0CCF86137720CF84D /* Frameworks */ = {
			isa = PBXGroup;
			children = (
				243F1AC1202EE22E0030EFE2 /* ToastSwiftFramework.framework */,
				243F1ABF202EE0A70030EFE2 /* Toast.framework */,
				24085BAE202DE170000B4066 /* ReactorKit.framework */,
				24085BAB202DE09D000B4066 /* Eureka.framework */,
				24085BA8202DDD4D000B4066 /* Differentiator.framework */,
				24085BA7202DDD4D000B4066 /* RxDataSources.framework */,
				24F578DA202D17AA00ED7E5D /* ReactorKitRuntime.framework */,
				24F578DE202D17AA00ED7E5D /* RxBlocking.framework */,
				24F578DD202D17AA00ED7E5D /* RxCocoa.framework */,
				24F578DB202D17AA00ED7E5D /* RxSwift.framework */,
				24F578DC202D17AA00ED7E5D /* RxTest.framework */,
				9118A7D273452A756D713F8D /* Pods_Pigeon.framework */,
				94730AC96D91DDCB7DF660C7 /* Pods_PigeonTests.framework */,
				63B38B1DD03A8C37B9F98B44 /* Pods_Pigeon_AddCalendarAction.framework */,
			);
			name = Frameworks;
			sourceTree = "<group>";
		};
		G_4792371632290 /* Pigeon */ = {
			isa = PBXGroup;
			children = (
				24085B9F202DD938000B4066 /* Utils */,
				24085B98202D8BE2000B4066 /* Domain */,
				24085B88202D3BB0000B4066 /* Services */,
				24085B83202D2F45000B4066 /* UI */,
				249104B32001F33400106193 /* Pigeon.entitlements */,
				FR_500918527952 /* AppDelegate.swift */,
				FR_690328767421 /* Assets.xcassets */,
				FR_314644839885 /* GoogleService-Info.plist */,
				FR_366419411241 /* Info.plist */,
				VG_774826763097 /* LaunchScreen.storyboard */,
				FR_553055846822 /* SupportedProvider.swift */,
				249104B52001F6B900106193 /* UserDefaults+AppGroup.swift */,
			);
			path = Pigeon;
			sourceTree = "<group>";
		};
		G_8448771205358 = {
			isa = PBXGroup;
			children = (
				G_4792371632290 /* Pigeon */,
				G_9807080206559 /* PigeonTests */,
				249B8FB81FFF730F00C3535E /* AddCalendarAction */,
				G_8620238527590 /* Products */,
				AB7FFDB06A520119B26DAA4D /* Pods */,
				C95293F0CCF86137720CF84D /* Frameworks */,
			);
			sourceTree = "<group>";
		};
		G_8620238527590 /* Products */ = {
			isa = PBXGroup;
			children = (
				FR_479237163229 /* Pigeon.app */,
				FR_980708020655 /* PigeonTests.xctest */,
				249B8FB71FFF730F00C3535E /* AddCalendarAction.appex */,
			);
			name = Products;
			sourceTree = "<group>";
		};
		G_9807080206559 /* PigeonTests */ = {
			isa = PBXGroup;
			children = (
				FR_499683667281 /* Info.plist */,
				FR_243283262423 /* PigeonTests.swift */,
			);
			path = PigeonTests;
			sourceTree = "<group>";
		};
/* End PBXGroup section */

/* Begin PBXNativeTarget section */
		249B8FB61FFF730F00C3535E /* AddCalendarAction */ = {
			isa = PBXNativeTarget;
			buildConfigurationList = 249B8FC41FFF730F00C3535E /* Build configuration list for PBXNativeTarget "AddCalendarAction" */;
			buildPhases = (
				128437F759038735EA612933 /* [CP] Check Pods Manifest.lock */,
				249B8FB31FFF730F00C3535E /* Sources */,
				249B8FB41FFF730F00C3535E /* Frameworks */,
				249B8FB51FFF730F00C3535E /* Resources */,
				CF7BDE1325454E77B1379A92 /* [CP] Copy Pods Resources */,
			);
			buildRules = (
			);
			dependencies = (
			);
			name = AddCalendarAction;
			productName = AddCalendarAction;
			productReference = 249B8FB71FFF730F00C3535E /* AddCalendarAction.appex */;
			productType = "com.apple.product-type.app-extension";
		};
		NT_479237163229 /* Pigeon */ = {
			isa = PBXNativeTarget;
			buildConfigurationList = "CL_479237163229-1" /* Build configuration list for PBXNativeTarget "Pigeon" */;
			buildPhases = (
				31571FDA4C9E5C41AC75102A /* [CP] Check Pods Manifest.lock */,
				SBP_47923716322 /* Sources */,
				RBP_47923716322 /* Resources */,
				C32A97E22EEC5C445CBB2592 /* Frameworks */,
				FBD2BCD907441F6BEB7831C4 /* [CP] Embed Pods Frameworks */,
				26FE4EEE82BAE491FADD1F3B /* [CP] Copy Pods Resources */,
				249B8FC51FFF730F00C3535E /* Embed App Extensions */,
				24085BA6202DDA72000B4066 /* ShellScript */,
			);
			buildRules = (
			);
			dependencies = (
				249B8FC01FFF730F00C3535E /* PBXTargetDependency */,
			);
			name = Pigeon;
			productName = Pigeon;
			productReference = FR_479237163229 /* Pigeon.app */;
			productType = "com.apple.product-type.application";
		};
		NT_980708020655 /* PigeonTests */ = {
			isa = PBXNativeTarget;
			buildConfigurationList = CL_980708020655 /* Build configuration list for PBXNativeTarget "PigeonTests" */;
			buildPhases = (
				4496E4C343219C826F80AE2D /* [CP] Check Pods Manifest.lock */,
				SBP_98070802065 /* Sources */,
				16626550FFB9949AC4B52E26 /* Frameworks */,
				CE9319317A43A3892C4753EE /* [CP] Embed Pods Frameworks */,
				2D6E1D81501D769EDFBE7B3E /* [CP] Copy Pods Resources */,
			);
			buildRules = (
			);
			dependencies = (
				TD_789237052955 /* PBXTargetDependency */,
			);
			name = PigeonTests;
			productName = PigeonTests;
			productReference = FR_980708020655 /* PigeonTests.xctest */;
			productType = "com.apple.product-type.bundle.unit-test";
		};
/* End PBXNativeTarget section */

/* Begin PBXProject section */
		P_4792371632290 /* Project object */ = {
			isa = PBXProject;
			attributes = {
				LastSwiftUpdateCheck = 0920;
				LastUpgradeCheck = 0920;
				TargetAttributes = {
					249B8FB61FFF730F00C3535E = {
						CreatedOnToolsVersion = 9.2;
						DevelopmentTeam = K45ES832VB;
						ProvisioningStyle = Manual;
						SystemCapabilities = {
							com.apple.ApplicationGroups.iOS = {
								enabled = 1;
							};
						};
					};
					NT_479237163229 = {
						DevelopmentTeam = K45ES832VB;
						ProvisioningStyle = Manual;
						SystemCapabilities = {
							com.apple.ApplicationGroups.iOS = {
								enabled = 1;
							};
						};
					};
					NT_980708020655 = {
						TestTargetID = NT_479237163229;
					};
				};
			};
			buildConfigurationList = CL_479237163229 /* Build configuration list for PBXProject "Pigeon" */;
			compatibilityVersion = "Xcode 3.2";
			developmentRegion = ja;
			hasScannedForEncodings = 0;
			knownRegions = (
				Base,
			);
			mainGroup = G_8448771205358;
			productRefGroup = G_8620238527590 /* Products */;
			projectDirPath = "";
			projectRoot = "";
			targets = (
				NT_479237163229 /* Pigeon */,
				NT_980708020655 /* PigeonTests */,
				249B8FB61FFF730F00C3535E /* AddCalendarAction */,
			);
		};
/* End PBXProject section */

/* Begin PBXResourcesBuildPhase section */
		249B8FB51FFF730F00C3535E /* Resources */ = {
			isa = PBXResourcesBuildPhase;
			buildActionMask = 2147483647;
			files = (
				249B8FBD1FFF730F00C3535E /* MainInterface.storyboard in Resources */,
			);
			runOnlyForDeploymentPostprocessing = 0;
		};
		RBP_47923716322 /* Resources */ = {
			isa = PBXResourcesBuildPhase;
			buildActionMask = 2147483647;
			files = (
				BF_891482553594 /* Assets.xcassets in Resources */,
				BF_226169127571 /* GoogleService-Info.plist in Resources */,
				BF_215061820840 /* LaunchScreen.storyboard in Resources */,
			);
			runOnlyForDeploymentPostprocessing = 0;
		};
/* End PBXResourcesBuildPhase section */

/* Begin PBXShellScriptBuildPhase section */
		128437F759038735EA612933 /* [CP] Check Pods Manifest.lock */ = {
			isa = PBXShellScriptBuildPhase;
			buildActionMask = 2147483647;
			files = (
			);
			inputPaths = (
				"${PODS_PODFILE_DIR_PATH}/Podfile.lock",
				"${PODS_ROOT}/Manifest.lock",
			);
			name = "[CP] Check Pods Manifest.lock";
			outputPaths = (
				"$(DERIVED_FILE_DIR)/Pods-Pigeon-AddCalendarAction-checkManifestLockResult.txt",
			);
			runOnlyForDeploymentPostprocessing = 0;
			shellPath = /bin/sh;
			shellScript = "diff \"${PODS_PODFILE_DIR_PATH}/Podfile.lock\" \"${PODS_ROOT}/Manifest.lock\" > /dev/null\nif [ $? != 0 ] ; then\n    # print error to STDERR\n    echo \"error: The sandbox is not in sync with the Podfile.lock. Run 'pod install' or update your CocoaPods installation.\" >&2\n    exit 1\nfi\n# This output is used by Xcode 'outputs' to avoid re-running this script phase.\necho \"SUCCESS\" > \"${SCRIPT_OUTPUT_FILE_0}\"\n";
			showEnvVarsInLog = 0;
		};
		24085BA6202DDA72000B4066 /* ShellScript */ = {
			isa = PBXShellScriptBuildPhase;
			buildActionMask = 2147483647;
			files = (
			);
			inputPaths = (
				"$(SRCROOT)/Carthage/Build/iOS/RxBlocking.framework",
				"$(SRCROOT)/Carthage/Build/iOS/RxCocoa.framework",
				"$(SRCROOT)/Carthage/Build/iOS/RxSwift.framework",
				"$(SRCROOT)/Carthage/Build/iOS/RxDataSources.framework",
				"$(SRCROOT)/Carthage/Build/iOS/Differentiator.framework",
				"$(SRCROOT)/Carthage/Build/iOS/Eureka.framework",
				"$(SRCROOT)/Carthage/Build/iOS/ReactorKit.framework",
				"$(SRCROOT)/Carthage/Build/iOS/ReactorKitRuntime.framework",
				"$(SRCROOT)/Carthage/Build/iOS/ToastSwiftFramework.framework",
				"$(SRCROOT)/Carthage/Build/iOS/Toast.framework",
			);
			outputPaths = (
				"$(BUILT_PRODUCTS_DIR)/$(FRAMEWORKS_FOLDER_PATH)/RxBlocking.framework",
				"$(BUILT_PRODUCTS_DIR)/$(FRAMEWORKS_FOLDER_PATH)/RxCocoa.framework",
				"$(BUILT_PRODUCTS_DIR)/$(FRAMEWORKS_FOLDER_PATH)/RxSwift.framework",
				"$(BUILT_PRODUCTS_DIR)/$(FRAMEWORKS_FOLDER_PATH)/RxDataSources.framework",
				"$(BUILT_PRODUCTS_DIR)/$(FRAMEWORKS_FOLDER_PATH)/Differentiator.framework",
				"$(BUILT_PRODUCTS_DIR)/$(FRAMEWORKS_FOLDER_PATH)/Eureka.framework",
				"$(BUILT_PRODUCTS_DIR)/$(FRAMEWORKS_FOLDER_PATH)/ReactorKit.framework",
				"$(BUILT_PRODUCTS_DIR)/$(FRAMEWORKS_FOLDER_PATH)/ReactorKitRuntime.framework",
				"$(BUILT_PRODUCTS_DIR)/$(FRAMEWORKS_FOLDER_PATH)/ToastSwiftFramework.framework",
				"$(BUILT_PRODUCTS_DIR)/$(FRAMEWORKS_FOLDER_PATH)/Toast.framework",
			);
			runOnlyForDeploymentPostprocessing = 0;
			shellPath = /bin/sh;
			shellScript = "/usr/local/bin/carthage copy-frameworks";
		};
		26FE4EEE82BAE491FADD1F3B /* [CP] Copy Pods Resources */ = {
			isa = PBXShellScriptBuildPhase;
			buildActionMask = 2147483647;
			files = (
			);
			inputPaths = (
				"${SRCROOT}/Pods/Target Support Files/Pods-Pigeon/Pods-Pigeon-resources.sh",
				"${PODS_ROOT}/GoogleSignIn/Resources/GoogleSignIn.bundle",
			);
			name = "[CP] Copy Pods Resources";
			outputPaths = (
				"${TARGET_BUILD_DIR}/${UNLOCALIZED_RESOURCES_FOLDER_PATH}/GoogleSignIn.bundle",
			);
			runOnlyForDeploymentPostprocessing = 0;
			shellPath = /bin/sh;
			shellScript = "\"${SRCROOT}/Pods/Target Support Files/Pods-Pigeon/Pods-Pigeon-resources.sh\"\n";
			showEnvVarsInLog = 0;
		};
		2D6E1D81501D769EDFBE7B3E /* [CP] Copy Pods Resources */ = {
			isa = PBXShellScriptBuildPhase;
			buildActionMask = 2147483647;
			files = (
			);
			inputPaths = (
			);
			name = "[CP] Copy Pods Resources";
			outputPaths = (
			);
			runOnlyForDeploymentPostprocessing = 0;
			shellPath = /bin/sh;
			shellScript = "\"${SRCROOT}/Pods/Target Support Files/Pods-PigeonTests/Pods-PigeonTests-resources.sh\"\n";
			showEnvVarsInLog = 0;
		};
		31571FDA4C9E5C41AC75102A /* [CP] Check Pods Manifest.lock */ = {
			isa = PBXShellScriptBuildPhase;
			buildActionMask = 2147483647;
			files = (
			);
			inputPaths = (
				"${PODS_PODFILE_DIR_PATH}/Podfile.lock",
				"${PODS_ROOT}/Manifest.lock",
			);
			name = "[CP] Check Pods Manifest.lock";
			outputPaths = (
				"$(DERIVED_FILE_DIR)/Pods-Pigeon-checkManifestLockResult.txt",
			);
			runOnlyForDeploymentPostprocessing = 0;
			shellPath = /bin/sh;
			shellScript = "diff \"${PODS_PODFILE_DIR_PATH}/Podfile.lock\" \"${PODS_ROOT}/Manifest.lock\" > /dev/null\nif [ $? != 0 ] ; then\n    # print error to STDERR\n    echo \"error: The sandbox is not in sync with the Podfile.lock. Run 'pod install' or update your CocoaPods installation.\" >&2\n    exit 1\nfi\n# This output is used by Xcode 'outputs' to avoid re-running this script phase.\necho \"SUCCESS\" > \"${SCRIPT_OUTPUT_FILE_0}\"\n";
			showEnvVarsInLog = 0;
		};
		4496E4C343219C826F80AE2D /* [CP] Check Pods Manifest.lock */ = {
			isa = PBXShellScriptBuildPhase;
			buildActionMask = 2147483647;
			files = (
			);
			inputPaths = (
				"${PODS_PODFILE_DIR_PATH}/Podfile.lock",
				"${PODS_ROOT}/Manifest.lock",
			);
			name = "[CP] Check Pods Manifest.lock";
			outputPaths = (
				"$(DERIVED_FILE_DIR)/Pods-PigeonTests-checkManifestLockResult.txt",
			);
			runOnlyForDeploymentPostprocessing = 0;
			shellPath = /bin/sh;
			shellScript = "diff \"${PODS_PODFILE_DIR_PATH}/Podfile.lock\" \"${PODS_ROOT}/Manifest.lock\" > /dev/null\nif [ $? != 0 ] ; then\n    # print error to STDERR\n    echo \"error: The sandbox is not in sync with the Podfile.lock. Run 'pod install' or update your CocoaPods installation.\" >&2\n    exit 1\nfi\n# This output is used by Xcode 'outputs' to avoid re-running this script phase.\necho \"SUCCESS\" > \"${SCRIPT_OUTPUT_FILE_0}\"\n";
			showEnvVarsInLog = 0;
		};
		CE9319317A43A3892C4753EE /* [CP] Embed Pods Frameworks */ = {
			isa = PBXShellScriptBuildPhase;
			buildActionMask = 2147483647;
			files = (
			);
			inputPaths = (
			);
			name = "[CP] Embed Pods Frameworks";
			outputPaths = (
			);
			runOnlyForDeploymentPostprocessing = 0;
			shellPath = /bin/sh;
			shellScript = "\"${SRCROOT}/Pods/Target Support Files/Pods-PigeonTests/Pods-PigeonTests-frameworks.sh\"\n";
			showEnvVarsInLog = 0;
		};
		CF7BDE1325454E77B1379A92 /* [CP] Copy Pods Resources */ = {
			isa = PBXShellScriptBuildPhase;
			buildActionMask = 2147483647;
			files = (
			);
			inputPaths = (
				"${SRCROOT}/Pods/Target Support Files/Pods-Pigeon-AddCalendarAction/Pods-Pigeon-AddCalendarAction-resources.sh",
				"${PODS_ROOT}/GoogleSignIn/Resources/GoogleSignIn.bundle",
			);
			name = "[CP] Copy Pods Resources";
			outputPaths = (
				"${TARGET_BUILD_DIR}/${UNLOCALIZED_RESOURCES_FOLDER_PATH}/GoogleSignIn.bundle",
			);
			runOnlyForDeploymentPostprocessing = 0;
			shellPath = /bin/sh;
			shellScript = "\"${SRCROOT}/Pods/Target Support Files/Pods-Pigeon-AddCalendarAction/Pods-Pigeon-AddCalendarAction-resources.sh\"\n";
			showEnvVarsInLog = 0;
		};
		FBD2BCD907441F6BEB7831C4 /* [CP] Embed Pods Frameworks */ = {
			isa = PBXShellScriptBuildPhase;
			buildActionMask = 2147483647;
			files = (
			);
			inputPaths = (
				"${SRCROOT}/Pods/Target Support Files/Pods-Pigeon/Pods-Pigeon-frameworks.sh",
				"${BUILT_PRODUCTS_DIR}/GTMOAuth2/GTMOAuth2.framework",
				"${BUILT_PRODUCTS_DIR}/GTMSessionFetcher/GTMSessionFetcher.framework",
				"${BUILT_PRODUCTS_DIR}/GoogleAPIClientForREST/GoogleAPIClientForREST.framework",
				"${BUILT_PRODUCTS_DIR}/GoogleToolboxForMac/GoogleToolboxForMac.framework",
			);
			name = "[CP] Embed Pods Frameworks";
			outputPaths = (
				"${TARGET_BUILD_DIR}/${FRAMEWORKS_FOLDER_PATH}/GTMOAuth2.framework",
				"${TARGET_BUILD_DIR}/${FRAMEWORKS_FOLDER_PATH}/GTMSessionFetcher.framework",
				"${TARGET_BUILD_DIR}/${FRAMEWORKS_FOLDER_PATH}/GoogleAPIClientForREST.framework",
				"${TARGET_BUILD_DIR}/${FRAMEWORKS_FOLDER_PATH}/GoogleToolboxForMac.framework",
			);
			runOnlyForDeploymentPostprocessing = 0;
			shellPath = /bin/sh;
			shellScript = "\"${SRCROOT}/Pods/Target Support Files/Pods-Pigeon/Pods-Pigeon-frameworks.sh\"\n";
			showEnvVarsInLog = 0;
		};
/* End PBXShellScriptBuildPhase section */

/* Begin PBXSourcesBuildPhase section */
		249B8FB31FFF730F00C3535E /* Sources */ = {
			isa = PBXSourcesBuildPhase;
			buildActionMask = 2147483647;
			files = (
				24085B9B202D8C70000B4066 /* CalendarEntity.swift in Sources */,
				24085BC2202E7C30000B4066 /* CalendarProviderSectionModel.swift in Sources */,
				24085BA2202DD946000B4066 /* UIColor+Image.swift in Sources */,
				249104C52001F78500106193 /* SupportedProvider.swift in Sources */,
				24085B97202D8720000B4066 /* CalendarListCell.swift in Sources */,
				24085BBC202E797C000B4066 /* CalendarProviderEntity.swift in Sources */,
				249B8FBA1FFF730F00C3535E /* AddCalendarActionViewController.swift in Sources */,
				24085B92202D4D14000B4066 /* CalendarCellReactor.swift in Sources */,
				249104B72001F6C100106193 /* UserDefaults+AppGroup.swift in Sources */,
				24085B9E202D9470000B4066 /* CalendarRepository.swift in Sources */,
				24085B91202D4CE8000B4066 /* CalendarService.swift in Sources */,
				24085BC5202EBBA8000B4066 /* ProviderRepository.swift in Sources */,
				243F1ACB202F05E90030EFE2 /* GoogleAccountStoreService.swift in Sources */,
				24085BBF202E7C14000B4066 /* CalendarCellModel.swift in Sources */,
			);
			runOnlyForDeploymentPostprocessing = 0;
		};
		SBP_47923716322 /* Sources */ = {
			isa = PBXSourcesBuildPhase;
			buildActionMask = 2147483647;
			files = (
				24085BCA202EC87C000B4066 /* LoginViewController.swift in Sources */,
				24085B9A202D8C15000B4066 /* CalendarEntity.swift in Sources */,
				24085BC1202E7C30000B4066 /* CalendarProviderSectionModel.swift in Sources */,
				24085B82202D1FE8000B4066 /* CalendarListReactor.swift in Sources */,
				BF_629410552227 /* AppDelegate.swift in Sources */,
				BF_670056304807 /* CalendarListViewController.swift in Sources */,
				24085BC7202EBFD2000B4066 /* GoogleCalendarProviderRepository.swift in Sources */,
				24085B8C202D3BE1000B4066 /* CalendarService.swift in Sources */,
				24085BBB202E797C000B4066 /* CalendarProviderEntity.swift in Sources */,
				24085BA1202DD946000B4066 /* UIColor+Image.swift in Sources */,
				24085B8A202D3BBD000B4066 /* ServiceProvider.swift in Sources */,
				249104B62001F6B900106193 /* UserDefaults+AppGroup.swift in Sources */,
				243F1AC6202EEAE50030EFE2 /* LoginViewController+EventKit.swift in Sources */,
				243F1ACD202F064C0030EFE2 /* GoogleAccountStorage.swift in Sources */,
				24085B86202D39B3000B4066 /* CalendarCellReactor.swift in Sources */,
				24085BCD202EC8C0000B4066 /* LoginReactor.swift in Sources */,
				243F1ACA202F05E40030EFE2 /* GoogleAccountStoreService.swift in Sources */,
				24085B96202D861B000B4066 /* CalendarListCell.swift in Sources */,
				24085B9D202D93EB000B4066 /* CalendarRepository.swift in Sources */,
				BF_165923807992 /* SupportedProvider.swift in Sources */,
				24085BC4202EBBA8000B4066 /* ProviderRepository.swift in Sources */,
				24085BCF202ECD66000B4066 /* CalendarProviderService.swift in Sources */,
				24085BBE202E7C14000B4066 /* CalendarCellModel.swift in Sources */,
				243F1AC8202EEB050030EFE2 /* LoginViewController+GoogleCalendar.swift in Sources */,
			);
			runOnlyForDeploymentPostprocessing = 0;
		};
		SBP_98070802065 /* Sources */ = {
			isa = PBXSourcesBuildPhase;
			buildActionMask = 2147483647;
			files = (
				BF_794404818034 /* PigeonTests.swift in Sources */,
			);
			runOnlyForDeploymentPostprocessing = 0;
		};
/* End PBXSourcesBuildPhase section */

/* Begin PBXTargetDependency section */
		249B8FC01FFF730F00C3535E /* PBXTargetDependency */ = {
			isa = PBXTargetDependency;
			target = 249B8FB61FFF730F00C3535E /* AddCalendarAction */;
			targetProxy = 249B8FBF1FFF730F00C3535E /* PBXContainerItemProxy */;
		};
		TD_789237052955 /* PBXTargetDependency */ = {
			isa = PBXTargetDependency;
			target = NT_479237163229 /* Pigeon */;
			targetProxy = CIP_98070802065 /* PBXContainerItemProxy */;
		};
/* End PBXTargetDependency section */

/* Begin PBXVariantGroup section */
		249B8FBB1FFF730F00C3535E /* MainInterface.storyboard */ = {
			isa = PBXVariantGroup;
			children = (
				249B8FBC1FFF730F00C3535E /* Base */,
			);
			name = MainInterface.storyboard;
			sourceTree = "<group>";
		};
		VG_774826763097 /* LaunchScreen.storyboard */ = {
			isa = PBXVariantGroup;
			children = (
				FR_774826763097 /* Base */,
			);
			name = LaunchScreen.storyboard;
			sourceTree = "<group>";
		};
/* End PBXVariantGroup section */

/* Begin XCBuildConfiguration section */
		249B8FC21FFF730F00C3535E /* Debug */ = {
			isa = XCBuildConfiguration;
			baseConfigurationReference = 19BCA5B0B87A07A28D61990F /* Pods-Pigeon-AddCalendarAction.debug.xcconfig */;
			buildSettings = {
				CODE_SIGN_ENTITLEMENTS = AddCalendarAction/AddCalendarAction.entitlements;
				CODE_SIGN_IDENTITY = "iPhone Developer";
				"CODE_SIGN_IDENTITY[sdk=iphoneos*]" = "iPhone Developer";
				CODE_SIGN_STYLE = Manual;
				DEVELOPMENT_TEAM = K45ES832VB;
				FRAMEWORK_SEARCH_PATHS = (
					"$(inherited)",
					"$(PROJECT_DIR)/Carthage/Build/iOS",
				);
				GCC_PREPROCESSOR_DEFINITIONS = (
					"DEBUG=1",
					"$(inherited)",
				);
				INFOPLIST_FILE = AddCalendarAction/Info.plist;
				IPHONEOS_DEPLOYMENT_TARGET = 11.2;
				LD_RUNPATH_SEARCH_PATHS = "$(inherited) @executable_path/Frameworks @executable_path/../../Frameworks";
				PRODUCT_BUNDLE_IDENTIFIER = com.covelline.pigeon.AddCalendarAction;
				PRODUCT_NAME = "$(TARGET_NAME)";
				PROVISIONING_PROFILE = "94a05cda-4ae6-486b-87f2-28b0c2fcf42a";
				PROVISIONING_PROFILE_SPECIFIER = "Development Pigeon AddCalendarAction";
				SDKROOT = iphoneos;
				SKIP_INSTALL = YES;
				SWIFT_VERSION = 4.0;
				TARGETED_DEVICE_FAMILY = "1,2";
			};
			name = Debug;
		};
		249B8FC31FFF730F00C3535E /* Release */ = {
			isa = XCBuildConfiguration;
			baseConfigurationReference = 454576ECE087B5988BFF5820 /* Pods-Pigeon-AddCalendarAction.release.xcconfig */;
			buildSettings = {
				CODE_SIGN_ENTITLEMENTS = AddCalendarAction/AddCalendarAction.entitlements;
				CODE_SIGN_IDENTITY = "iPhone Developer";
				"CODE_SIGN_IDENTITY[sdk=iphoneos*]" = "iPhone Developer";
				CODE_SIGN_STYLE = Manual;
				DEVELOPMENT_TEAM = K45ES832VB;
				FRAMEWORK_SEARCH_PATHS = (
					"$(inherited)",
					"$(PROJECT_DIR)/Carthage/Build/iOS",
				);
				INFOPLIST_FILE = AddCalendarAction/Info.plist;
				IPHONEOS_DEPLOYMENT_TARGET = 11.2;
				LD_RUNPATH_SEARCH_PATHS = "$(inherited) @executable_path/Frameworks @executable_path/../../Frameworks";
				MTL_ENABLE_DEBUG_INFO = NO;
				PRODUCT_BUNDLE_IDENTIFIER = com.covelline.pigeon.AddCalendarAction;
				PRODUCT_NAME = "$(TARGET_NAME)";
				PROVISIONING_PROFILE = "94a05cda-4ae6-486b-87f2-28b0c2fcf42a";
				PROVISIONING_PROFILE_SPECIFIER = "Development Pigeon AddCalendarAction";
				SDKROOT = iphoneos;
				SKIP_INSTALL = YES;
				SWIFT_VERSION = 4.0;
				TARGETED_DEVICE_FAMILY = "1,2";
			};
			name = Release;
		};
		BC_187620597143 /* Debug */ = {
			isa = XCBuildConfiguration;
			baseConfigurationReference = D889F987E544AA34EEB191DC /* Pods-PigeonTests.debug.xcconfig */;
			buildSettings = {
				INFOPLIST_FILE = PigeonTests/Info.plist;
				LD_RUNPATH_SEARCH_PATHS = "$(inherited) @executable_path/Frameworks @loader_path/Frameworks";
				PRODUCT_BUNDLE_IDENTIFIER = com.covelline.PigeonTests;
				SDKROOT = iphoneos;
				TARGETED_DEVICE_FAMILY = "1,2";
				TEST_HOST = "$(BUILT_PRODUCTS_DIR)/Pigeon.app/Pigeon";
			};
			name = Debug;
		};
		BC_275709116434 /* Debug */ = {
			isa = XCBuildConfiguration;
			baseConfigurationReference = ADD249AFBA3A3939F4799921 /* Pods-Pigeon.debug.xcconfig */;
			buildSettings = {
				ALWAYS_EMBED_SWIFT_STANDARD_LIBRARIES = YES;
				ASSETCATALOG_COMPILER_APPICON_NAME = AppIcon;
				CODE_SIGN_ENTITLEMENTS = Pigeon/Pigeon.entitlements;
				CODE_SIGN_IDENTITY = "iPhone Developer";
				"CODE_SIGN_IDENTITY[sdk=iphoneos*]" = "iPhone Developer";
				CODE_SIGN_STYLE = Manual;
				DEVELOPMENT_TEAM = K45ES832VB;
				FRAMEWORK_SEARCH_PATHS = (
					"$(inherited)",
					"$(PROJECT_DIR)/Carthage/Build/iOS",
				);
				INFOPLIST_FILE = Pigeon/Info.plist;
				IPHONEOS_DEPLOYMENT_TARGET = 11.2;
				LD_RUNPATH_SEARCH_PATHS = "$(inherited) @executable_path/Frameworks";
				PRODUCT_BUNDLE_IDENTIFIER = com.covelline.pigeon;
				PROVISIONING_PROFILE = "2047e011-dc30-423e-abce-f00662e331f8";
				PROVISIONING_PROFILE_SPECIFIER = "Development com.covelline.pigeon";
				SDKROOT = iphoneos;
				TARGETED_DEVICE_FAMILY = "1,2";
			};
			name = Debug;
		};
		BC_479945831424 /* Debug */ = {
			isa = XCBuildConfiguration;
			buildSettings = {
				ALWAYS_SEARCH_USER_PATHS = NO;
				CLANG_ANALYZER_NONNULL = YES;
				CLANG_ANALYZER_NUMBER_OBJECT_CONVERSION = YES_AGGRESSIVE;
				CLANG_CXX_LANGUAGE_STANDARD = "gnu++14";
				CLANG_CXX_LIBRARY = "libc++";
				CLANG_ENABLE_MODULES = YES;
				CLANG_ENABLE_OBJC_ARC = YES;
				CLANG_WARN_BLOCK_CAPTURE_AUTORELEASING = YES;
				CLANG_WARN_BOOL_CONVERSION = YES;
				CLANG_WARN_COMMA = YES;
				CLANG_WARN_CONSTANT_CONVERSION = YES;
				CLANG_WARN_DIRECT_OBJC_ISA_USAGE = YES_ERROR;
				CLANG_WARN_DOCUMENTATION_COMMENTS = YES;
				CLANG_WARN_EMPTY_BODY = YES;
				CLANG_WARN_ENUM_CONVERSION = YES;
				CLANG_WARN_INFINITE_RECURSION = YES;
				CLANG_WARN_INT_CONVERSION = YES;
				CLANG_WARN_NON_LITERAL_NULL_CONVERSION = YES;
				CLANG_WARN_OBJC_LITERAL_CONVERSION = YES;
				CLANG_WARN_OBJC_ROOT_CLASS = YES_ERROR;
				CLANG_WARN_RANGE_LOOP_ANALYSIS = YES;
				CLANG_WARN_STRICT_PROTOTYPES = YES;
				CLANG_WARN_SUSPICIOUS_MOVE = YES;
				CLANG_WARN_UNGUARDED_AVAILABILITY = YES_AGGRESSIVE;
				CLANG_WARN_UNREACHABLE_CODE = YES;
				CLANG_WARN__DUPLICATE_METHOD_MATCH = YES;
				COPY_PHASE_STRIP = NO;
				DEBUG_INFORMATION_FORMAT = dwarf;
				ENABLE_STRICT_OBJC_MSGSEND = YES;
				ENABLE_TESTABILITY = YES;
				GCC_C_LANGUAGE_STANDARD = gnu11;
				GCC_DYNAMIC_NO_PIC = NO;
				GCC_NO_COMMON_BLOCKS = YES;
				GCC_OPTIMIZATION_LEVEL = 0;
				GCC_PREPROCESSOR_DEFINITIONS = (
					"$(inherited)",
					"DEBUG=1",
				);
				GCC_WARN_64_TO_32_BIT_CONVERSION = YES;
				GCC_WARN_ABOUT_RETURN_TYPE = YES_ERROR;
				GCC_WARN_UNDECLARED_SELECTOR = YES;
				GCC_WARN_UNINITIALIZED_AUTOS = YES_AGGRESSIVE;
				GCC_WARN_UNUSED_FUNCTION = YES;
				GCC_WARN_UNUSED_VARIABLE = YES;
				MTL_ENABLE_DEBUG_INFO = YES;
				ONLY_ACTIVE_ARCH = YES;
				PRODUCT_NAME = "$(TARGET_NAME)";
				SWIFT_ACTIVE_COMPILATION_CONDITIONS = DEBUG;
				SWIFT_OPTIMIZATION_LEVEL = "-Onone";
				SWIFT_VERSION = 4.0;
			};
			name = Debug;
		};
		BC_506828132044 /* Release */ = {
			isa = XCBuildConfiguration;
			baseConfigurationReference = B887CBDB3A52D24FB1486055 /* Pods-Pigeon.release.xcconfig */;
			buildSettings = {
				ALWAYS_EMBED_SWIFT_STANDARD_LIBRARIES = YES;
				ASSETCATALOG_COMPILER_APPICON_NAME = AppIcon;
				CODE_SIGN_ENTITLEMENTS = Pigeon/Pigeon.entitlements;
				CODE_SIGN_IDENTITY = "iPhone Developer";
				"CODE_SIGN_IDENTITY[sdk=iphoneos*]" = "iPhone Developer";
				CODE_SIGN_STYLE = Manual;
				DEVELOPMENT_TEAM = K45ES832VB;
				FRAMEWORK_SEARCH_PATHS = (
					"$(inherited)",
					"$(PROJECT_DIR)/Carthage/Build/iOS",
				);
				INFOPLIST_FILE = Pigeon/Info.plist;
				IPHONEOS_DEPLOYMENT_TARGET = 11.2;
				LD_RUNPATH_SEARCH_PATHS = "$(inherited) @executable_path/Frameworks";
				PRODUCT_BUNDLE_IDENTIFIER = com.covelline.pigeon;
				PROVISIONING_PROFILE = "2047e011-dc30-423e-abce-f00662e331f8";
				PROVISIONING_PROFILE_SPECIFIER = "Development com.covelline.pigeon";
				SDKROOT = iphoneos;
				TARGETED_DEVICE_FAMILY = "1,2";
			};
			name = Release;
		};
		BC_699817386549 /* Release */ = {
			isa = XCBuildConfiguration;
			baseConfigurationReference = 98BA5EEEF8723F4EF3920EE2 /* Pods-PigeonTests.release.xcconfig */;
			buildSettings = {
				INFOPLIST_FILE = PigeonTests/Info.plist;
				LD_RUNPATH_SEARCH_PATHS = "$(inherited) @executable_path/Frameworks @loader_path/Frameworks";
				PRODUCT_BUNDLE_IDENTIFIER = com.covelline.PigeonTests;
				SDKROOT = iphoneos;
				TARGETED_DEVICE_FAMILY = "1,2";
				TEST_HOST = "$(BUILT_PRODUCTS_DIR)/Pigeon.app/Pigeon";
			};
			name = Release;
		};
		BC_881114754245 /* Release */ = {
			isa = XCBuildConfiguration;
			buildSettings = {
				ALWAYS_SEARCH_USER_PATHS = NO;
				CLANG_ANALYZER_NONNULL = YES;
				CLANG_ANALYZER_NUMBER_OBJECT_CONVERSION = YES_AGGRESSIVE;
				CLANG_CXX_LANGUAGE_STANDARD = "gnu++14";
				CLANG_CXX_LIBRARY = "libc++";
				CLANG_ENABLE_MODULES = YES;
				CLANG_ENABLE_OBJC_ARC = YES;
				CLANG_WARN_BLOCK_CAPTURE_AUTORELEASING = YES;
				CLANG_WARN_BOOL_CONVERSION = YES;
				CLANG_WARN_COMMA = YES;
				CLANG_WARN_CONSTANT_CONVERSION = YES;
				CLANG_WARN_DIRECT_OBJC_ISA_USAGE = YES_ERROR;
				CLANG_WARN_DOCUMENTATION_COMMENTS = YES;
				CLANG_WARN_EMPTY_BODY = YES;
				CLANG_WARN_ENUM_CONVERSION = YES;
				CLANG_WARN_INFINITE_RECURSION = YES;
				CLANG_WARN_INT_CONVERSION = YES;
				CLANG_WARN_NON_LITERAL_NULL_CONVERSION = YES;
				CLANG_WARN_OBJC_LITERAL_CONVERSION = YES;
				CLANG_WARN_OBJC_ROOT_CLASS = YES_ERROR;
				CLANG_WARN_RANGE_LOOP_ANALYSIS = YES;
				CLANG_WARN_STRICT_PROTOTYPES = YES;
				CLANG_WARN_SUSPICIOUS_MOVE = YES;
				CLANG_WARN_UNGUARDED_AVAILABILITY = YES_AGGRESSIVE;
				CLANG_WARN_UNREACHABLE_CODE = YES;
				CLANG_WARN__DUPLICATE_METHOD_MATCH = YES;
				COPY_PHASE_STRIP = NO;
				DEBUG_INFORMATION_FORMAT = "dwarf-with-dsym";
				ENABLE_NS_ASSERTIONS = NO;
				ENABLE_STRICT_OBJC_MSGSEND = YES;
				GCC_C_LANGUAGE_STANDARD = gnu11;
				GCC_NO_COMMON_BLOCKS = YES;
				GCC_WARN_64_TO_32_BIT_CONVERSION = YES;
				GCC_WARN_ABOUT_RETURN_TYPE = YES_ERROR;
				GCC_WARN_UNDECLARED_SELECTOR = YES;
				GCC_WARN_UNINITIALIZED_AUTOS = YES_AGGRESSIVE;
				GCC_WARN_UNUSED_FUNCTION = YES;
				GCC_WARN_UNUSED_VARIABLE = YES;
				PRODUCT_NAME = "$(TARGET_NAME)";
				SWIFT_OPTIMIZATION_LEVEL = "-Owholemodule";
				SWIFT_VERSION = 4.0;
				VALIDATE_PRODUCT = YES;
			};
			name = Release;
		};
/* End XCBuildConfiguration section */

/* Begin XCConfigurationList section */
		249B8FC41FFF730F00C3535E /* Build configuration list for PBXNativeTarget "AddCalendarAction" */ = {
			isa = XCConfigurationList;
			buildConfigurations = (
				249B8FC21FFF730F00C3535E /* Debug */,
				249B8FC31FFF730F00C3535E /* Release */,
			);
			defaultConfigurationIsVisible = 0;
			defaultConfigurationName = Debug;
		};
		CL_479237163229 /* Build configuration list for PBXProject "Pigeon" */ = {
			isa = XCConfigurationList;
			buildConfigurations = (
				BC_479945831424 /* Debug */,
				BC_881114754245 /* Release */,
			);
			defaultConfigurationIsVisible = 0;
			defaultConfigurationName = Debug;
		};
		"CL_479237163229-1" /* Build configuration list for PBXNativeTarget "Pigeon" */ = {
			isa = XCConfigurationList;
			buildConfigurations = (
				BC_275709116434 /* Debug */,
				BC_506828132044 /* Release */,
			);
			defaultConfigurationIsVisible = 0;
			defaultConfigurationName = "";
		};
		CL_980708020655 /* Build configuration list for PBXNativeTarget "PigeonTests" */ = {
			isa = XCConfigurationList;
			buildConfigurations = (
				BC_187620597143 /* Debug */,
				BC_699817386549 /* Release */,
			);
			defaultConfigurationIsVisible = 0;
			defaultConfigurationName = "";
		};
/* End XCConfigurationList section */
	};
	rootObject = P_4792371632290 /* Project object */;
}
